
Microsoft Visual Studio Solution File, Format Version 12.00
# Visual Studio Version 17
VisualStudioVersion = 17.3.32825.248
MinimumVisualStudioVersion = 10.0.40219.1
Project("{FAE04EC0-301F-11D3-BF4B-00C04F79EFBC}") = "Consumer_cmd", "Consumer_cmd\Consumer_cmd.csproj", "{FA9C94F2-6E2E-4271-A8EA-95097EA38CCA}"
EndProject
Global
	GlobalSection(SolutionConfigurationPlatforms) = preSolution
		Debug|Any CPU = Debug|Any CPU
		Release|Any CPU = Release|Any CPU
	EndGlobalSection
	GlobalSection(ProjectConfigurationPlatforms) = postSolution
		{FA9C94F2-6E2E-4271-A8EA-95097EA38CCA}.Debug|Any CPU.ActiveCfg = Debug|Any CPU
		{FA9C94F2-6E2E-4271-A8EA-95097EA38CCA}.Debug|Any CPU.Build.0 = Debug|Any CPU
		{FA9C94F2-6E2E-4271-A8EA-95097EA38CCA}.Release|Any CPU.ActiveCfg = Release|Any CPU
		{FA9C94F2-6E2E-4271-A8EA-95097EA38CCA}.Release|Any CPU.Build.0 = Release|Any CPU
	EndGlobalSection
	GlobalSection(SolutionProperties) = preSolution
		HideSolutionNode = FALSE
	EndGlobalSection
	GlobalSection(ExtensibilityGlobals) = postSolution
		SolutionGuid = {32A321F4-4FCC-4A41-9964-7EEE7F484073}
	EndGlobalSection
EndGlobal
